
Microsoft Visual Studio Solution File, Format Version 12.00
# Visual Studio Version 16
VisualStudioVersion = 16.0.32630.194
MinimumVisualStudioVersion = 10.0.40219.1
Project("{FAE04EC0-301F-11D3-BF4B-00C04F79EFBC}") = "VerificadorDePrecios", "VerificadorDePrecios\VerificadorDePrecios.csproj", "{AF815B28-15C8-4405-98C7-5021ED389EBE}"
EndProject
Global
	GlobalSection(SolutionConfigurationPlatforms) = preSolution
		Debug|Any CPU = Debug|Any CPU
		Release|Any CPU = Release|Any CPU
	EndGlobalSection
	GlobalSection(ProjectConfigurationPlatforms) = postSolution
		{AF815B28-15C8-4405-98C7-5021ED389EBE}.Debug|Any CPU.ActiveCfg = Debug|Any CPU
		{AF815B28-15C8-4405-98C7-5021ED389EBE}.Debug|Any CPU.Build.0 = Debug|Any CPU
		{AF815B28-15C8-4405-98C7-5021ED389EBE}.Release|Any CPU.ActiveCfg = Release|Any CPU
		{AF815B28-15C8-4405-98C7-5021ED389EBE}.Release|Any CPU.Build.0 = Release|Any CPU
	EndGlobalSection
	GlobalSection(SolutionProperties) = preSolution
		HideSolutionNode = FALSE
	EndGlobalSection
	GlobalSection(ExtensibilityGlobals) = postSolution
		SolutionGuid = {EEF051D9-55E0-4BEF-AD0F-FEE0BA968592}
	EndGlobalSection
EndGlobal
